// !$*UTF8*$!
{
	archiveVersion = 1;
	classes = {
	};
	objectVersion = 56;
	objects = {

/* Begin PBXBuildFile section */
		56BF6C342A757E5A00BD32A6 /* ProductstListApp.swift in Sources */ = {isa = PBXBuildFile; fileRef = 56BF6C332A757E5A00BD32A6 /* ProductstListApp.swift */; };
		56BF6C362A757E5A00BD32A6 /* ProductListView.swift in Sources */ = {isa = PBXBuildFile; fileRef = 56BF6C352A757E5A00BD32A6 /* ProductListView.swift */; };
		56BF6C382A757E5C00BD32A6 /* Assets.xcassets in Resources */ = {isa = PBXBuildFile; fileRef = 56BF6C372A757E5C00BD32A6 /* Assets.xcassets */; };
		56BF6C3B2A757E5C00BD32A6 /* Preview Assets.xcassets in Resources */ = {isa = PBXBuildFile; fileRef = 56BF6C3A2A757E5C00BD32A6 /* Preview Assets.xcassets */; };
		56BF6C452A757E5C00BD32A6 /* ProductstListTests.swift in Sources */ = {isa = PBXBuildFile; fileRef = 56BF6C442A757E5C00BD32A6 /* ProductstListTests.swift */; };
		56BF6C4F2A757E5C00BD32A6 /* ProductstListUITests.swift in Sources */ = {isa = PBXBuildFile; fileRef = 56BF6C4E2A757E5C00BD32A6 /* ProductstListUITests.swift */; };
		56BF6C512A757E5C00BD32A6 /* ProductstListUITestsLaunchTests.swift in Sources */ = {isa = PBXBuildFile; fileRef = 56BF6C502A757E5C00BD32A6 /* ProductstListUITestsLaunchTests.swift */; };
		56BF6C5F2A758BEF00BD32A6 /* Album.swift in Sources */ = {isa = PBXBuildFile; fileRef = 56BF6C5E2A758BEF00BD32A6 /* Album.swift */; };
		56BF6C622A758C5B00BD32A6 /* Api.swift in Sources */ = {isa = PBXBuildFile; fileRef = 56BF6C612A758C5B00BD32A6 /* Api.swift */; };
		56BF6C652A75946400BD32A6 /* mockalbums.json in Resources */ = {isa = PBXBuildFile; fileRef = 56BF6C642A75946400BD32A6 /* mockalbums.json */; };
		56BF6C672A7665A500BD32A6 /* ProductDetailView.swift in Sources */ = {isa = PBXBuildFile; fileRef = 56BF6C662A7665A500BD32A6 /* ProductDetailView.swift */; };
/* End PBXBuildFile section */

/* Begin PBXContainerItemProxy section */
		56BF6C412A757E5C00BD32A6 /* PBXContainerItemProxy */ = {
			isa = PBXContainerItemProxy;
			containerPortal = 56BF6C282A757E5A00BD32A6 /* Project object */;
			proxyType = 1;
			remoteGlobalIDString = 56BF6C2F2A757E5A00BD32A6;
			remoteInfo = ProductstList;
		};
		56BF6C4B2A757E5C00BD32A6 /* PBXContainerItemProxy */ = {
			isa = PBXContainerItemProxy;
			containerPortal = 56BF6C282A757E5A00BD32A6 /* Project object */;
			proxyType = 1;
			remoteGlobalIDString = 56BF6C2F2A757E5A00BD32A6;
			remoteInfo = ProductstList;
		};
/* End PBXContainerItemProxy section */

/* Begin PBXFileReference section */
		56BF6C302A757E5A00BD32A6 /* ProductstList.app */ = {isa = PBXFileReference; explicitFileType = wrapper.application; includeInIndex = 0; path = ProductstList.app; sourceTree = BUILT_PRODUCTS_DIR; };
		56BF6C332A757E5A00BD32A6 /* ProductstListApp.swift */ = {isa = PBXFileReference; lastKnownFileType = sourcecode.swift; path = ProductstListApp.swift; sourceTree = "<group>"; };
		56BF6C352A757E5A00BD32A6 /* ProductListView.swift */ = {isa = PBXFileReference; lastKnownFileType = sourcecode.swift; path = ProductListView.swift; sourceTree = "<group>"; };
		56BF6C372A757E5C00BD32A6 /* Assets.xcassets */ = {isa = PBXFileReference; lastKnownFileType = folder.assetcatalog; path = Assets.xcassets; sourceTree = "<group>"; };
		56BF6C3A2A757E5C00BD32A6 /* Preview Assets.xcassets */ = {isa = PBXFileReference; lastKnownFileType = folder.assetcatalog; path = "Preview Assets.xcassets"; sourceTree = "<group>"; };
		56BF6C402A757E5C00BD32A6 /* ProductstListTests.xctest */ = {isa = PBXFileReference; explicitFileType = wrapper.cfbundle; includeInIndex = 0; path = ProductstListTests.xctest; sourceTree = BUILT_PRODUCTS_DIR; };
		56BF6C442A757E5C00BD32A6 /* ProductstListTests.swift */ = {isa = PBXFileReference; lastKnownFileType = sourcecode.swift; path = ProductstListTests.swift; sourceTree = "<group>"; };
		56BF6C4A2A757E5C00BD32A6 /* ProductstListUITests.xctest */ = {isa = PBXFileReference; explicitFileType = wrapper.cfbundle; includeInIndex = 0; path = ProductstListUITests.xctest; sourceTree = BUILT_PRODUCTS_DIR; };
		56BF6C4E2A757E5C00BD32A6 /* ProductstListUITests.swift */ = {isa = PBXFileReference; lastKnownFileType = sourcecode.swift; path = ProductstListUITests.swift; sourceTree = "<group>"; };
		56BF6C502A757E5C00BD32A6 /* ProductstListUITestsLaunchTests.swift */ = {isa = PBXFileReference; lastKnownFileType = sourcecode.swift; path = ProductstListUITestsLaunchTests.swift; sourceTree = "<group>"; };
		56BF6C5E2A758BEF00BD32A6 /* Album.swift */ = {isa = PBXFileReference; lastKnownFileType = sourcecode.swift; path = Album.swift; sourceTree = "<group>"; };
		56BF6C612A758C5B00BD32A6 /* Api.swift */ = {isa = PBXFileReference; lastKnownFileType = sourcecode.swift; path = Api.swift; sourceTree = "<group>"; };
		56BF6C642A75946400BD32A6 /* mockalbums.json */ = {isa = PBXFileReference; lastKnownFileType = text.json; path = mockalbums.json; sourceTree = "<group>"; };
		56BF6C662A7665A500BD32A6 /* ProductDetailView.swift */ = {isa = PBXFileReference; lastKnownFileType = sourcecode.swift; path = ProductDetailView.swift; sourceTree = "<group>"; };
/* End PBXFileReference section */

/* Begin PBXFrameworksBuildPhase section */
		56BF6C2D2A757E5A00BD32A6 /* Frameworks */ = {
			isa = PBXFrameworksBuildPhase;
			buildActionMask = 2147483647;
			files = (
			);
			runOnlyForDeploymentPostprocessing = 0;
		};
		56BF6C3D2A757E5C00BD32A6 /* Frameworks */ = {
			isa = PBXFrameworksBuildPhase;
			buildActionMask = 2147483647;
			files = (
			);
			runOnlyForDeploymentPostprocessing = 0;
		};
		56BF6C472A757E5C00BD32A6 /* Frameworks */ = {
			isa = PBXFrameworksBuildPhase;
			buildActionMask = 2147483647;
			files = (
			);
			runOnlyForDeploymentPostprocessing = 0;
		};
/* End PBXFrameworksBuildPhase section */

/* Begin PBXGroup section */
		56BF6C272A757E5A00BD32A6 = {
			isa = PBXGroup;
			children = (
				56BF6C322A757E5A00BD32A6 /* ProductstList */,
				56BF6C432A757E5C00BD32A6 /* ProductstListTests */,
				56BF6C4D2A757E5C00BD32A6 /* ProductstListUITests */,
				56BF6C312A757E5A00BD32A6 /* Products */,
			);
			sourceTree = "<group>";
		};
		56BF6C312A757E5A00BD32A6 /* Products */ = {
			isa = PBXGroup;
			children = (
				56BF6C302A757E5A00BD32A6 /* ProductstList.app */,
				56BF6C402A757E5C00BD32A6 /* ProductstListTests.xctest */,
				56BF6C4A2A757E5C00BD32A6 /* ProductstListUITests.xctest */,
			);
			name = Products;
			sourceTree = "<group>";
		};
		56BF6C322A757E5A00BD32A6 /* ProductstList */ = {
			isa = PBXGroup;
			children = (
				56BF6C632A75944100BD32A6 /* Resources */,
				56BF6C602A758C4A00BD32A6 /* ApiIntegration */,
				56BF6C5D2A758AF400BD32A6 /* Model */,
				56BF6C332A757E5A00BD32A6 /* ProductstListApp.swift */,
				56BF6C352A757E5A00BD32A6 /* ProductListView.swift */,
				56BF6C372A757E5C00BD32A6 /* Assets.xcassets */,
				56BF6C392A757E5C00BD32A6 /* Preview Content */,
				56BF6C662A7665A500BD32A6 /* ProductDetailView.swift */,
			);
			path = ProductstList;
			sourceTree = "<group>";
		};
		56BF6C392A757E5C00BD32A6 /* Preview Content */ = {
			isa = PBXGroup;
			children = (
				56BF6C3A2A757E5C00BD32A6 /* Preview Assets.xcassets */,
			);
			path = "Preview Content";
			sourceTree = "<group>";
		};
		56BF6C432A757E5C00BD32A6 /* ProductstListTests */ = {
			isa = PBXGroup;
			children = (
				56BF6C442A757E5C00BD32A6 /* ProductstListTests.swift */,
			);
			path = ProductstListTests;
			sourceTree = "<group>";
		};
		56BF6C4D2A757E5C00BD32A6 /* ProductstListUITests */ = {
			isa = PBXGroup;
			children = (
				56BF6C4E2A757E5C00BD32A6 /* ProductstListUITests.swift */,
				56BF6C502A757E5C00BD32A6 /* ProductstListUITestsLaunchTests.swift */,
			);
			path = ProductstListUITests;
			sourceTree = "<group>";
		};
		56BF6C5D2A758AF400BD32A6 /* Model */ = {
			isa = PBXGroup;
			children = (
				56BF6C5E2A758BEF00BD32A6 /* Album.swift */,
			);
			path = Model;
			sourceTree = "<group>";
		};
		56BF6C602A758C4A00BD32A6 /* ApiIntegration */ = {
			isa = PBXGroup;
			children = (
				56BF6C612A758C5B00BD32A6 /* Api.swift */,
			);
			path = ApiIntegration;
			sourceTree = "<group>";
		};
		56BF6C632A75944100BD32A6 /* Resources */ = {
			isa = PBXGroup;
			children = (
				56BF6C642A75946400BD32A6 /* mockalbums.json */,
			);
			path = Resources;
			sourceTree = "<group>";
		};
/* End PBXGroup section */

/* Begin PBXNativeTarget section */
		56BF6C2F2A757E5A00BD32A6 /* ProductstList */ = {
			isa = PBXNativeTarget;
			buildConfigurationList = 56BF6C542A757E5C00BD32A6 /* Build configuration list for PBXNativeTarget "ProductstList" */;
			buildPhases = (
				56BF6C2C2A757E5A00BD32A6 /* Sources */,
				56BF6C2D2A757E5A00BD32A6 /* Frameworks */,
				56BF6C2E2A757E5A00BD32A6 /* Resources */,
			);
			buildRules = (
			);
			dependencies = (
			);
			name = ProductstList;
			productName = ProductstList;
			productReference = 56BF6C302A757E5A00BD32A6 /* ProductstList.app */;
			productType = "com.apple.product-type.application";
		};
		56BF6C3F2A757E5C00BD32A6 /* ProductstListTests */ = {
			isa = PBXNativeTarget;
			buildConfigurationList = 56BF6C572A757E5C00BD32A6 /* Build configuration list for PBXNativeTarget "ProductstListTests" */;
			buildPhases = (
				56BF6C3C2A757E5C00BD32A6 /* Sources */,
				56BF6C3D2A757E5C00BD32A6 /* Frameworks */,
				56BF6C3E2A757E5C00BD32A6 /* Resources */,
			);
			buildRules = (
			);
			dependencies = (
				56BF6C422A757E5C00BD32A6 /* PBXTargetDependency */,
			);
			name = ProductstListTests;
			productName = ProductstListTests;
			productReference = 56BF6C402A757E5C00BD32A6 /* ProductstListTests.xctest */;
			productType = "com.apple.product-type.bundle.unit-test";
		};
		56BF6C492A757E5C00BD32A6 /* ProductstListUITests */ = {
			isa = PBXNativeTarget;
			buildConfigurationList = 56BF6C5A2A757E5C00BD32A6 /* Build configuration list for PBXNativeTarget "ProductstListUITests" */;
			buildPhases = (
				56BF6C462A757E5C00BD32A6 /* Sources */,
				56BF6C472A757E5C00BD32A6 /* Frameworks */,
				56BF6C482A757E5C00BD32A6 /* Resources */,
			);
			buildRules = (
			);
			dependencies = (
				56BF6C4C2A757E5C00BD32A6 /* PBXTargetDependency */,
			);
			name = ProductstListUITests;
			productName = ProductstListUITests;
			productReference = 56BF6C4A2A757E5C00BD32A6 /* ProductstListUITests.xctest */;
			productType = "com.apple.product-type.bundle.ui-testing";
		};
/* End PBXNativeTarget section */

/* Begin PBXProject section */
		56BF6C282A757E5A00BD32A6 /* Project object */ = {
			isa = PBXProject;
			attributes = {
				BuildIndependentTargetsInParallel = 1;
				LastSwiftUpdateCheck = 1420;
				LastUpgradeCheck = 1420;
				TargetAttributes = {
					56BF6C2F2A757E5A00BD32A6 = {
						CreatedOnToolsVersion = 14.2;
					};
					56BF6C3F2A757E5C00BD32A6 = {
						CreatedOnToolsVersion = 14.2;
						TestTargetID = 56BF6C2F2A757E5A00BD32A6;
					};
					56BF6C492A757E5C00BD32A6 = {
						CreatedOnToolsVersion = 14.2;
						TestTargetID = 56BF6C2F2A757E5A00BD32A6;
					};
				};
			};
			buildConfigurationList = 56BF6C2B2A757E5A00BD32A6 /* Build configuration list for PBXProject "ProductstList" */;
			compatibilityVersion = "Xcode 14.0";
			developmentRegion = en;
			hasScannedForEncodings = 0;
			knownRegions = (
				en,
				Base,
			);
			mainGroup = 56BF6C272A757E5A00BD32A6;
			productRefGroup = 56BF6C312A757E5A00BD32A6 /* Products */;
			projectDirPath = "";
			projectRoot = "";
			targets = (
				56BF6C2F2A757E5A00BD32A6 /* ProductstList */,
				56BF6C3F2A757E5C00BD32A6 /* ProductstListTests */,
				56BF6C492A757E5C00BD32A6 /* ProductstListUITests */,
			);
		};
/* End PBXProject section */

/* Begin PBXResourcesBuildPhase section */
		56BF6C2E2A757E5A00BD32A6 /* Resources */ = {
			isa = PBXResourcesBuildPhase;
			buildActionMask = 2147483647;
			files = (
				56BF6C652A75946400BD32A6 /* mockalbums.json in Resources */,
				56BF6C3B2A757E5C00BD32A6 /* Preview Assets.xcassets in Resources */,
				56BF6C382A757E5C00BD32A6 /* Assets.xcassets in Resources */,
			);
			runOnlyForDeploymentPostprocessing = 0;
		};
		56BF6C3E2A757E5C00BD32A6 /* Resources */ = {
			isa = PBXResourcesBuildPhase;
			buildActionMask = 2147483647;
			files = (
			);
			runOnlyForDeploymentPostprocessing = 0;
		};
		56BF6C482A757E5C00BD32A6 /* Resources */ = {
			isa = PBXResourcesBuildPhase;
			buildActionMask = 2147483647;
			files = (
			);
			runOnlyForDeploymentPostprocessing = 0;
		};
/* End PBXResourcesBuildPhase section */

/* Begin PBXSourcesBuildPhase section */
		56BF6C2C2A757E5A00BD32A6 /* Sources */ = {
			isa = PBXSourcesBuildPhase;
			buildActionMask = 2147483647;
			files = (
				56BF6C362A757E5A00BD32A6 /* ProductListView.swift in Sources */,
				56BF6C672A7665A500BD32A6 /* ProductDetailView.swift in Sources */,
				56BF6C342A757E5A00BD32A6 /* ProductstListApp.swift in Sources */,
				56BF6C622A758C5B00BD32A6 /* Api.swift in Sources */,
				56BF6C5F2A758BEF00BD32A6 /* Album.swift in Sources */,
			);
			runOnlyForDeploymentPostprocessing = 0;
		};
		56BF6C3C2A757E5C00BD32A6 /* Sources */ = {
			isa = PBXSourcesBuildPhase;
			buildActionMask = 2147483647;
			files = (
				56BF6C452A757E5C00BD32A6 /* ProductstListTests.swift in Sources */,
			);
			runOnlyForDeploymentPostprocessing = 0;
		};
		56BF6C462A757E5C00BD32A6 /* Sources */ = {
			isa = PBXSourcesBuildPhase;
			buildActionMask = 2147483647;
			files = (
				56BF6C4F2A757E5C00BD32A6 /* ProductstListUITests.swift in Sources */,
				56BF6C512A757E5C00BD32A6 /* ProductstListUITestsLaunchTests.swift in Sources */,
			);
			runOnlyForDeploymentPostprocessing = 0;
		};
/* End PBXSourcesBuildPhase section */

/* Begin PBXTargetDependency section */
		56BF6C422A757E5C00BD32A6 /* PBXTargetDependency */ = {
			isa = PBXTargetDependency;
			target = 56BF6C2F2A757E5A00BD32A6 /* ProductstList */;
			targetProxy = 56BF6C412A757E5C00BD32A6 /* PBXContainerItemProxy */;
		};
		56BF6C4C2A757E5C00BD32A6 /* PBXTargetDependency */ = {
			isa = PBXTargetDependency;
			target = 56BF6C2F2A757E5A00BD32A6 /* ProductstList */;
			targetProxy = 56BF6C4B2A757E5C00BD32A6 /* PBXContainerItemProxy */;
		};
/* End PBXTargetDependency section */

/* Begin XCBuildConfiguration section */
		56BF6C522A757E5C00BD32A6 /* Debug */ = {
			isa = XCBuildConfiguration;
			buildSettings = {
				ALWAYS_SEARCH_USER_PATHS = NO;
				CLANG_ANALYZER_NONNULL = YES;
				CLANG_ANALYZER_NUMBER_OBJECT_CONVERSION = YES_AGGRESSIVE;
				CLANG_CXX_LANGUAGE_STANDARD = "gnu++20";
				CLANG_ENABLE_MODULES = YES;
				CLANG_ENABLE_OBJC_ARC = YES;
				CLANG_ENABLE_OBJC_WEAK = YES;
				CLANG_WARN_BLOCK_CAPTURE_AUTORELEASING = YES;
				CLANG_WARN_BOOL_CONVERSION = YES;
				CLANG_WARN_COMMA = YES;
				CLANG_WARN_CONSTANT_CONVERSION = YES;
				CLANG_WARN_DEPRECATED_OBJC_IMPLEMENTATIONS = YES;
				CLANG_WARN_DIRECT_OBJC_ISA_USAGE = YES_ERROR;
				CLANG_WARN_DOCUMENTATION_COMMENTS = YES;
				CLANG_WARN_EMPTY_BODY = YES;
				CLANG_WARN_ENUM_CONVERSION = YES;
				CLANG_WARN_INFINITE_RECURSION = YES;
				CLANG_WARN_INT_CONVERSION = YES;
				CLANG_WARN_NON_LITERAL_NULL_CONVERSION = YES;
				CLANG_WARN_OBJC_IMPLICIT_RETAIN_SELF = YES;
				CLANG_WARN_OBJC_LITERAL_CONVERSION = YES;
				CLANG_WARN_OBJC_ROOT_CLASS = YES_ERROR;
				CLANG_WARN_QUOTED_INCLUDE_IN_FRAMEWORK_HEADER = YES;
				CLANG_WARN_RANGE_LOOP_ANALYSIS = YES;
				CLANG_WARN_STRICT_PROTOTYPES = YES;
				CLANG_WARN_SUSPICIOUS_MOVE = YES;
				CLANG_WARN_UNGUARDED_AVAILABILITY = YES_AGGRESSIVE;
				CLANG_WARN_UNREACHABLE_CODE = YES;
				CLANG_WARN__DUPLICATE_METHOD_MATCH = YES;
				COPY_PHASE_STRIP = NO;
				DEBUG_INFORMATION_FORMAT = dwarf;
				ENABLE_STRICT_OBJC_MSGSEND = YES;
				ENABLE_TESTABILITY = YES;
				GCC_C_LANGUAGE_STANDARD = gnu11;
				GCC_DYNAMIC_NO_PIC = NO;
				GCC_NO_COMMON_BLOCKS = YES;
				GCC_OPTIMIZATION_LEVEL = 0;
				GCC_PREPROCESSOR_DEFINITIONS = (
					"DEBUG=1",
					"$(inherited)",
				);
				GCC_WARN_64_TO_32_BIT_CONVERSION = YES;
				GCC_WARN_ABOUT_RETURN_TYPE = YES_ERROR;
				GCC_WARN_UNDECLARED_SELECTOR = YES;
				GCC_WARN_UNINITIALIZED_AUTOS = YES_AGGRESSIVE;
				GCC_WARN_UNUSED_FUNCTION = YES;
				GCC_WARN_UNUSED_VARIABLE = YES;
				IPHONEOS_DEPLOYMENT_TARGET = 16.2;
				MTL_ENABLE_DEBUG_INFO = INCLUDE_SOURCE;
				MTL_FAST_MATH = YES;
				ONLY_ACTIVE_ARCH = YES;
				SDKROOT = iphoneos;
				SWIFT_ACTIVE_COMPILATION_CONDITIONS = DEBUG;
				SWIFT_OPTIMIZATION_LEVEL = "-Onone";
			};
			name = Debug;
		};
		56BF6C532A757E5C00BD32A6 /* Release */ = {
			isa = XCBuildConfiguration;
			buildSettings = {
				ALWAYS_SEARCH_USER_PATHS = NO;
				CLANG_ANALYZER_NONNULL = YES;
				CLANG_ANALYZER_NUMBER_OBJECT_CONVERSION = YES_AGGRESSIVE;
				CLANG_CXX_LANGUAGE_STANDARD = "gnu++20";
				CLANG_ENABLE_MODULES = YES;
				CLANG_ENABLE_OBJC_ARC = YES;
				CLANG_ENABLE_OBJC_WEAK = YES;
				CLANG_WARN_BLOCK_CAPTURE_AUTORELEASING = YES;
				CLANG_WARN_BOOL_CONVERSION = YES;
				CLANG_WARN_COMMA = YES;
				CLANG_WARN_CONSTANT_CONVERSION = YES;
				CLANG_WARN_DEPRECATED_OBJC_IMPLEMENTATIONS = YES;
				CLANG_WARN_DIRECT_OBJC_ISA_USAGE = YES_ERROR;
				CLANG_WARN_DOCUMENTATION_COMMENTS = YES;
				CLANG_WARN_EMPTY_BODY = YES;
				CLANG_WARN_ENUM_CONVERSION = YES;
				CLANG_WARN_INFINITE_RECURSION = YES;
				CLANG_WARN_INT_CONVERSION = YES;
				CLANG_WARN_NON_LITERAL_NULL_CONVERSION = YES;
				CLANG_WARN_OBJC_IMPLICIT_RETAIN_SELF = YES;
				CLANG_WARN_OBJC_LITERAL_CONVERSION = YES;
				CLANG_WARN_OBJC_ROOT_CLASS = YES_ERROR;
				CLANG_WARN_QUOTED_INCLUDE_IN_FRAMEWORK_HEADER = YES;
				CLANG_WARN_RANGE_LOOP_ANALYSIS = YES;
				CLANG_WARN_STRICT_PROTOTYPES = YES;
				CLANG_WARN_SUSPICIOUS_MOVE = YES;
				CLANG_WARN_UNGUARDED_AVAILABILITY = YES_AGGRESSIVE;
				CLANG_WARN_UNREACHABLE_CODE = YES;
				CLANG_WARN__DUPLICATE_METHOD_MATCH = YES;
				COPY_PHASE_STRIP = NO;
				DEBUG_INFORMATION_FORMAT = "dwarf-with-dsym";
				ENABLE_NS_ASSERTIONS = NO;
				ENABLE_STRICT_OBJC_MSGSEND = YES;
				GCC_C_LANGUAGE_STANDARD = gnu11;
				GCC_NO_COMMON_BLOCKS = YES;
				GCC_WARN_64_TO_32_BIT_CONVERSION = YES;
				GCC_WARN_ABOUT_RETURN_TYPE = YES_ERROR;
				GCC_WARN_UNDECLARED_SELECTOR = YES;
				GCC_WARN_UNINITIALIZED_AUTOS = YES_AGGRESSIVE;
				GCC_WARN_UNUSED_FUNCTION = YES;
				GCC_WARN_UNUSED_VARIABLE = YES;
				IPHONEOS_DEPLOYMENT_TARGET = 16.2;
				MTL_ENABLE_DEBUG_INFO = NO;
				MTL_FAST_MATH = YES;
				SDKROOT = iphoneos;
				SWIFT_COMPILATION_MODE = wholemodule;
				SWIFT_OPTIMIZATION_LEVEL = "-O";
				VALIDATE_PRODUCT = YES;
			};
			name = Release;
		};
		56BF6C552A757E5C00BD32A6 /* Debug */ = {
			isa = XCBuildConfiguration;
			buildSettings = {
				ASSETCATALOG_COMPILER_APPICON_NAME = AppIcon;
				ASSETCATALOG_COMPILER_GLOBAL_ACCENT_COLOR_NAME = AccentColor;
				CODE_SIGN_STYLE = Automatic;
				CURRENT_PROJECT_VERSION = 1;
				DEVELOPMENT_ASSET_PATHS = "\"ProductstList/Preview Content\"";
				ENABLE_PREVIEWS = YES;
				GENERATE_INFOPLIST_FILE = YES;
				INFOPLIST_KEY_UIApplicationSceneManifest_Generation = YES;
				INFOPLIST_KEY_UIApplicationSupportsIndirectInputEvents = YES;
				INFOPLIST_KEY_UILaunchScreen_Generation = YES;
				INFOPLIST_KEY_UISupportedInterfaceOrientations_iPad = "UIInterfaceOrientationPortrait UIInterfaceOrientationPortraitUpsideDown UIInterfaceOrientationLandscapeLeft UIInterfaceOrientationLandscapeRight";
				INFOPLIST_KEY_UISupportedInterfaceOrientations_iPhone = "UIInterfaceOrientationPortrait UIInterfaceOrientationLandscapeLeft UIInterfaceOrientationLandscapeRight";
				LD_RUNPATH_SEARCH_PATHS = (
					"$(inherited)",
					"@executable_path/Frameworks",
				);
				MARKETING_VERSION = 1.0;
				PRODUCT_BUNDLE_IDENTIFIER = com.list.products.ProductstList;
				PRODUCT_NAME = "$(TARGET_NAME)";
				SWIFT_EMIT_LOC_STRINGS = YES;
				SWIFT_VERSION = 5.0;
				TARGETED_DEVICE_FAMILY = "1,2";
			};
			name = Debug;
		};
		56BF6C562A757E5C00BD32A6 /* Release */ = {
			isa = XCBuildConfiguration;
			buildSettings = {
				ASSETCATALOG_COMPILER_APPICON_NAME = AppIcon;
				ASSETCATALOG_COMPILER_GLOBAL_ACCENT_COLOR_NAME = AccentColor;
				CODE_SIGN_STYLE = Automatic;
				CURRENT_PROJECT_VERSION = 1;
				DEVELOPMENT_ASSET_PATHS = "\"ProductstList/Preview Content\"";
				ENABLE_PREVIEWS = YES;
				GENERATE_INFOPLIST_FILE = YES;
				INFOPLIST_KEY_UIApplicationSceneManifest_Generation = YES;
				INFOPLIST_KEY_UIApplicationSupportsIndirectInputEvents = YES;
				INFOPLIST_KEY_UILaunchScreen_Generation = YES;
				INFOPLIST_KEY_UISupportedInterfaceOrientations_iPad = "UIInterfaceOrientationPortrait UIInterfaceOrientationPortraitUpsideDown UIInterfaceOrientationLandscapeLeft UIInterfaceOrientationLandscapeRight";
				INFOPLIST_KEY_UISupportedInterfaceOrientations_iPhone = "UIInterfaceOrientationPortrait UIInterfaceOrientationLandscapeLeft UIInterfaceOrientationLandscapeRight";
				LD_RUNPATH_SEARCH_PATHS = (
					"$(inherited)",
					"@executable_path/Frameworks",
				);
				MARKETING_VERSION = 1.0;
				PRODUCT_BUNDLE_IDENTIFIER = com.list.products.ProductstList;
				PRODUCT_NAME = "$(TARGET_NAME)";
				SWIFT_EMIT_LOC_STRINGS = YES;
				SWIFT_VERSION = 5.0;
				TARGETED_DEVICE_FAMILY = "1,2";
			};
			name = Release;
		};
		56BF6C582A757E5C00BD32A6 /* Debug */ = {
			isa = XCBuildConfiguration;
			buildSettings = {
				ALWAYS_EMBED_SWIFT_STANDARD_LIBRARIES = YES;
				BUNDLE_LOADER = "$(TEST_HOST)";
				CODE_SIGN_STYLE = Automatic;
				CURRENT_PROJECT_VERSION = 1;
				GENERATE_INFOPLIST_FILE = YES;
				IPHONEOS_DEPLOYMENT_TARGET = 16.2;
				MARKETING_VERSION = 1.0;
				PRODUCT_BUNDLE_IDENTIFIER = com.list.products.ProductstListTests;
				PRODUCT_NAME = "$(TARGET_NAME)";
				SWIFT_EMIT_LOC_STRINGS = NO;
				SWIFT_VERSION = 5.0;
				TARGETED_DEVICE_FAMILY = "1,2";
				TEST_HOST = "$(BUILT_PRODUCTS_DIR)/ProductstList.app/$(BUNDLE_EXECUTABLE_FOLDER_PATH)/ProductstList";
			};
			name = Debug;
		};
		56BF6C592A757E5C00BD32A6 /* Release */ = {
			isa = XCBuildConfiguration;
			buildSettings = {
				ALWAYS_EMBED_SWIFT_STANDARD_LIBRARIES = YES;
				BUNDLE_LOADER = "$(TEST_HOST)";
				CODE_SIGN_STYLE = Automatic;
				CURRENT_PROJECT_VERSION = 1;
				GENERATE_INFOPLIST_FILE = YES;
				IPHONEOS_DEPLOYMENT_TARGET = 16.2;
				MARKETING_VERSION = 1.0;
				PRODUCT_BUNDLE_IDENTIFIER = com.list.products.ProductstListTests;
				PRODUCT_NAME = "$(TARGET_NAME)";
				SWIFT_EMIT_LOC_STRINGS = NO;
				SWIFT_VERSION = 5.0;
				TARGETED_DEVICE_FAMILY = "1,2";
				TEST_HOST = "$(BUILT_PRODUCTS_DIR)/ProductstList.app/$(BUNDLE_EXECUTABLE_FOLDER_PATH)/ProductstList";
			};
			name = Release;
		};
		56BF6C5B2A757E5C00BD32A6 /* Debug */ = {
			isa = XCBuildConfiguration;
			buildSettings = {
				ALWAYS_EMBED_SWIFT_STANDARD_LIBRARIES = YES;
				CODE_SIGN_STYLE = Automatic;
				CURRENT_PROJECT_VERSION = 1;
				GENERATE_INFOPLIST_FILE = YES;
				MARKETING_VERSION = 1.0;
				PRODUCT_BUNDLE_IDENTIFIER = com.list.products.ProductstListUITests;
				PRODUCT_NAME = "$(TARGET_NAME)";
				SWIFT_EMIT_LOC_STRINGS = NO;
				SWIFT_VERSION = 5.0;
				TARGETED_DEVICE_FAMILY = "1,2";
				TEST_TARGET_NAME = ProductstList;
			};
			name = Debug;
		};
		56BF6C5C2A757E5C00BD32A6 /* Release */ = {
			isa = XCBuildConfiguration;
			buildSettings = {
				ALWAYS_EMBED_SWIFT_STANDARD_LIBRARIES = YES;
				CODE_SIGN_STYLE = Automatic;
				CURRENT_PROJECT_VERSION = 1;
				GENERATE_INFOPLIST_FILE = YES;
				MARKETING_VERSION = 1.0;
				PRODUCT_BUNDLE_IDENTIFIER = com.list.products.ProductstListUITests;
				PRODUCT_NAME = "$(TARGET_NAME)";
				SWIFT_EMIT_LOC_STRINGS = NO;
				SWIFT_VERSION = 5.0;
				TARGETED_DEVICE_FAMILY = "1,2";
				TEST_TARGET_NAME = ProductstList;
			};
			name = Release;
		};
/* End XCBuildConfiguration section */

/* Begin XCConfigurationList section */
		56BF6C2B2A757E5A00BD32A6 /* Build configuration list for PBXProject "ProductstList" */ = {
			isa = XCConfigurationList;
			buildConfigurations = (
				56BF6C522A757E5C00BD32A6 /* Debug */,
				56BF6C532A757E5C00BD32A6 /* Release */,
			);
			defaultConfigurationIsVisible = 0;
			defaultConfigurationName = Release;
		};
		56BF6C542A757E5C00BD32A6 /* Build configuration list for PBXNativeTarget "ProductstList" */ = {
			isa = XCConfigurationList;
			buildConfigurations = (
				56BF6C552A757E5C00BD32A6 /* Debug */,
				56BF6C562A757E5C00BD32A6 /* Release */,
			);
			defaultConfigurationIsVisible = 0;
			defaultConfigurationName = Release;
		};
		56BF6C572A757E5C00BD32A6 /* Build configuration list for PBXNativeTarget "ProductstListTests" */ = {
			isa = XCConfigurationList;
			buildConfigurations = (
				56BF6C582A757E5C00BD32A6 /* Debug */,
				56BF6C592A757E5C00BD32A6 /* Release */,
			);
			defaultConfigurationIsVisible = 0;
			defaultConfigurationName = Release;
		};
		56BF6C5A2A757E5C00BD32A6 /* Build configuration list for PBXNativeTarget "ProductstListUITests" */ = {
			isa = XCConfigurationList;
			buildConfigurations = (
				56BF6C5B2A757E5C00BD32A6 /* Debug */,
				56BF6C5C2A757E5C00BD32A6 /* Release */,
			);
			defaultConfigurationIsVisible = 0;
			defaultConfigurationName = Release;
		};
/* End XCConfigurationList section */
	};
	rootObject = 56BF6C282A757E5A00BD32A6 /* Project object */;
}
